
Microsoft Visual Studio Solution File, Format Version 12.00
# Visual Studio 15
VisualStudioVersion = 15.0.27004.2005
MinimumVisualStudioVersion = 10.0.40219.1
Project("{FAE04EC0-301F-11D3-BF4B-00C04F79EFBC}") = "NetCoreApi", "NetCoreApi\NetCoreApi.csproj", "{D63C9EE7-DB26-4BCF-B2FB-A0B76E635A81}"
EndProject
Global
	GlobalSection(SolutionConfigurationPlatforms) = preSolution
		Debug|Any CPU = Debug|Any CPU
		Release|Any CPU = Release|Any CPU
	EndGlobalSection
	GlobalSection(ProjectConfigurationPlatforms) = postSolution
		{D63C9EE7-DB26-4BCF-B2FB-A0B76E635A81}.Debug|Any CPU.ActiveCfg = Debug|Any CPU
		{D63C9EE7-DB26-4BCF-B2FB-A0B76E635A81}.Debug|Any CPU.Build.0 = Debug|Any CPU
		{D63C9EE7-DB26-4BCF-B2FB-A0B76E635A81}.Release|Any CPU.ActiveCfg = Release|Any CPU
		{D63C9EE7-DB26-4BCF-B2FB-A0B76E635A81}.Release|Any CPU.Build.0 = Release|Any CPU
	EndGlobalSection
	GlobalSection(SolutionProperties) = preSolution
		HideSolutionNode = FALSE
	EndGlobalSection
	GlobalSection(ExtensibilityGlobals) = postSolution
		SolutionGuid = {E6161EEA-4316-4816-9317-877FDEBD54A1}
	EndGlobalSection
EndGlobal
